# THIS IS AN AUTOGENERATED FILE. DO NOT EDIT THIS FILE DIRECTLY.
# yarn lockfile v1


"@babel/helper-string-parser@^7.27.1":
  version "7.27.1"
  resolved "https://registry.yarnpkg.com/@babel/helper-string-parser/-/helper-string-parser-7.27.1.tgz#54da796097ab19ce67ed9f88b47bb2ec49367687"
  integrity sha512-qMlSxKbpRlAridDExk92nSobyDdpPijUq2DW6oDnUqd0iOGxmQjyqhMIihI9+zv4LPyZdRje2cavWPbCbWm3eA==

"@babel/helper-string-parser@^7.29.7":
  version "7.29.7"
  resolved "https://registry.yarnpkg.com/@babel/helper-string-parser/-/helper-string-parser-7.29.7.tgz#7f0871d99824d23137d60f86fcf6130fd5a1b51f"
  integrity sha512-Pb5ijPrZ89GDH8223L4UP8i6QApWxs04RbPQJTeWDV0/keR2E36MeKnyr6LYmUUvqRRI+Iv87SuF1W6ErINzYw==

"@babel/helper-validator-identifier@^7.28.5":
  version "7.28.5"
  resolved "https://registry.yarnpkg.com/@babel/helper-validator-identifier/-/helper-validator-identifier-7.28.5.tgz#010b6938fab7cb7df74aa2bbc06aa503b8fe5fb4"
  integrity sha512-qSs4ifwzKJSV39ucNjsvc6WVHs6b7S03sOh2OcHF9UHfVPqWWALUsNUVzhSBiItjRZoLHx7nIarVjqKVusUZ1Q==

"@babel/helper-validator-identifier@^7.29.7":
  version "7.29.7"
  resolved "https://registry.yarnpkg.com/@babel/helper-validator-identifier/-/helper-validator-identifier-7.29.7.tgz#bd87084ced0c796ec46bda492de6e83d29e89fc2"
  integrity sha512-qehxGkRj55h/ff8EMaJ+cYhyaKlHIxqYDn682wQD7RNp9UujOQsHog2uS0r2vzr4pW+sXf90NeeayjcNaX3fFg==

"@babel/parser@^7.28.5", "@babel/parser@^7.29.2":
  version "7.29.2"
  resolved "https://registry.yarnpkg.com/@babel/parser/-/parser-7.29.2.tgz#58bd50b9a7951d134988a1ae177a35ef9a703ba1"
  integrity sha512-4GgRzy/+fsBa72/RZVJmGKPmZu9Byn8o4MoLpmNe1m8ZfYnz5emHLQz3U4gLud6Zwl0RZIcgiLD7Uq7ySFuDLA==
  dependencies:
    "@babel/types" "^7.29.0"

"@babel/parser@^7.29.8":
  version "7.29.8"
  resolved "https://registry.yarnpkg.com/@babel/parser/-/parser-7.29.8.tgz#9653716a2f10c677b98fbc63d4bfb000c302cf17"
  integrity sha512-E8lTAYNB1KW+FH+VGJuZM1ioAx2E6oVlvQFRrf5P8ZZmsiJXYAD9vTFV7yyEURNzgh1dFqMZuO6tUwcARbqFCA==
  dependencies:
    "@babel/types" "^7.29.8"

"@babel/types@^7.29.0":
  version "7.29.0"
  resolved "https://registry.yarnpkg.com/@babel/types/-/types-7.29.0.tgz#9f5b1e838c446e72cf3cd4b918152b8c605e37c7"
  integrity sha512-LwdZHpScM4Qz8Xw2iKSzS+cfglZzJGvofQICy7W7v4caru4EaAmyUuO6BGrbyQ2mYV11W0U8j5mBhd14dd3B0A==
  dependencies:
    "@babel/helper-string-parser" "^7.27.1"
    "@babel/helper-validator-identifier" "^7.28.5"

"@babel/types@^7.29.8":
  version "7.29.8"
  resolved "https://registry.yarnpkg.com/@babel/types/-/types-7.29.8.tgz#1229eef31d85156d70fa3f4cd859376d0eaf6863"
  integrity sha512-Vj1jF3cPfxg7OAfoI7QnVKLoILlm2JF9pnVHrX8qx7AHMiYWT+NDAA7jChlNgRS4WTLc/fD1lXLmPixluj+3Gg==
  dependencies:
    "@babel/helper-string-parser" "^7.29.7"
    "@babel/helper-validator-identifier" "^7.29.7"

"@epic-web/invariant@^1.0.0":
  version "1.0.0"
  resolved "https://registry.yarnpkg.com/@epic-web/invariant/-/invariant-1.0.0.tgz#1073e5dee6dd540410784990eb73e4acd25c9813"
  integrity sha512-lrTPqgvfFQtR/eY/qkIzp98OGdNJu0m5ji3q/nJI8v3SXkRKEnWiOxMmbvcSoAIzv/cGiuvRy57k4suKQSAdwA==

"@jridgewell/gen-mapping@^0.3.5":
  version "0.3.13"
  resolved "https://registry.yarnpkg.com/@jridgewell/gen-mapping/-/gen-mapping-0.3.13.tgz#6342a19f44347518c93e43b1ac69deb3c4656a1f"
  integrity sha512-2kkt/7niJ6MgEPxF0bYdQ6etZaA+fQvDcLKckhy1yIQOzaoKjBBjSj63/aLVjYE3qhRt5dvM+uUyfCg6UKCBbA==
  dependencies:
    "@jridgewell/sourcemap-codec" "^1.5.0"
    "@jridgewell/trace-mapping" "^0.3.24"

"@jridgewell/remapping@^2.3.5":
  version "2.3.5"
  resolved "https://registry.yarnpkg.com/@jridgewell/remapping/-/remapping-2.3.5.tgz#375c476d1972947851ba1e15ae8f123047445aa1"
  integrity sha512-LI9u/+laYG4Ds1TDKSJW2YPrIlcVYOwi2fUC6xB43lueCjgxV4lffOCZCtYFiH6TNOX+tQKXx97T4IKHbhyHEQ==
  dependencies:
    "@jridgewell/gen-mapping" "^0.3.5"
    "@jridgewell/trace-mapping" "^0.3.24"

"@jridgewell/resolve-uri@^3.1.0":
  version "3.1.2"
  resolved "https://registry.yarnpkg.com/@jridgewell/resolve-uri/-/resolve-uri-3.1.2.tgz#7a0ee601f60f99a20c7c7c5ff0c80388c1189bd6"
  integrity sha512-bRISgCIjP20/tbWSPWMEi54QVPRZExkuD9lJL+UIxUKtwVJA8wW1Trb1jMs1RFXo1CBTNZ/5hpC9QvmKWdopKw==

"@jridgewell/sourcemap-codec@^1.4.14", "@jridgewell/sourcemap-codec@^1.5.0", "@jridgewell/sourcemap-codec@^1.5.5":
  version "1.5.5"
  resolved "https://registry.yarnpkg.com/@jridgewell/sourcemap-codec/-/sourcemap-codec-1.5.5.tgz#6912b00d2c631c0d15ce1a7ab57cd657f2a8f8ba"
  integrity sha512-cYQ9310grqxueWbl+WuIUIaiUaDcj7WOq5fVhEljNVgRfOUhY9fy2zTvfoqWsnebh8Sl70VScFbICvJnLKB0Og==

"@jridgewell/trace-mapping@^0.3.24":
  version "0.3.31"
  resolved "https://registry.yarnpkg.com/@jridgewell/trace-mapping/-/trace-mapping-0.3.31.tgz#db15d6781c931f3a251a3dac39501c98a6082fd0"
  integrity sha512-zzNR+SdQSDJzc8joaeP8QQoCQr8NuYx2dIIytl1QeBEZHJ9uW6hebsrYgbz8hJwUQao3TWCMtmfV8Nu1twOLAw==
  dependencies:
    "@jridgewell/resolve-uri" "^3.1.0"
    "@jridgewell/sourcemap-codec" "^1.4.14"

"@oxc-project/types@=0.149.0":
  version "0.149.0"
  resolved "https://registry.yarnpkg.com/@oxc-project/types/-/types-0.149.0.tgz#328c1d19403980199c869676871db9ed46932ff8"
  integrity sha512-Efcc+iF0j3Bf67YjEqIqWXbX5XddXoK/Mw4K1/JuXwRCZ8N16VR7iT23nlCc9XrveFVh/E5Rqs2StT0V8v9LdA==

"@rolldown/binding-android-arm-eabi@1.2.8":
  version "1.2.8"
  resolved "https://registry.yarnpkg.com/@rolldown/binding-android-arm-eabi/-/binding-android-arm-eabi-1.2.8.tgz#55f0a8e97eb87a0873ea1466d2b4af9510739589"
  integrity sha512-tN5aztYkKCte4i5SIrrz5yK/HMjEuCqCSCJa418jOV8tZ1cBY3YF2otxB1ktPxzsLA1BeTqwapK0bfjxNvHJVw==

"@rolldown/binding-android-arm64@1.2.8":
  version "1.2.8"
  resolved "https://registry.yarnpkg.com/@rolldown/binding-android-arm64/-/binding-android-arm64-1.2.8.tgz#3b783ee41120b2fefac41bd8e6d711f4ce7f82a7"
  integrity sha512-dIYTWl9XprMUiQFoc55KUyk/oS8SKYH3zFl0LTR7RT0Xj4hgSVyuJcroH8JUu8RcpF8fTB6E0aOwCkZoYPcDSQ==

"@rolldown/binding-darwin-arm64@1.2.8":
  version "1.2.8"
  resolved "https://registry.yarnpkg.com/@rolldown/binding-darwin-arm64/-/binding-darwin-arm64-1.2.8.tgz#56c27646e8faae70aa56065a3b686b1d7de9d8b4"
  integrity sha512-PCSDQGXD2IyTEFrcgPyBM8jJuGmrbCMuoIOXdbEGVemruKACXoLQJrb+A45Z0L5t1RQkdfJprAYPkikbh7dzdA==

"@rolldown/binding-darwin-x64@1.2.8":
  version "1.2.8"
  resolved "https://registry.yarnpkg.com/@rolldown/binding-darwin-x64/-/binding-darwin-x64-1.2.8.tgz#3b9da1032c897ce191cb23601dbf9887ce6895ae"
  integrity sha512-Uk7lRsGhPFHVX/sAUC6D5H9Ol30dFHd6iquokll2th3LpdJ3F5CzQB+7DHn0Ri2mG+U7k2zXiPHDrwZenXhwSA==

"@rolldown/binding-freebsd-x64@1.2.8":
  version "1.2.8"
  resolved "https://registry.yarnpkg.com/@rolldown/binding-freebsd-x64/-/binding-freebsd-x64-1.2.8.tgz#43d4257704b15204aa42059e36a638b63c0e402d"
  integrity sha512-DjszaTEVogPqA5bYzsEeqDCQxbcp2fexQwKcRspYji2yzR68fCf+e4fx6kBSRDwX5/brZaHw/hWS9+A/+/w9sQ==

"@rolldown/binding-linux-arm-gnueabihf@1.2.8":
  version "1.2.8"
  resolved "https://registry.yarnpkg.com/@rolldown/binding-linux-arm-gnueabihf/-/binding-linux-arm-gnueabihf-1.2.8.tgz#d95b9fe9f04f2278cb2eef98e2cf20199c3fe5d0"
  integrity sha512-zmwa7FTmdzB6aaEEuuls18H6Ap5JmJPSoPTuXixeJZV6tG40SyLkApQtz1g8ptZtiEKqj9OM0oNLPh1AgvE31Q==

"@rolldown/binding-linux-arm64-gnu@1.2.8":
  version "1.2.8"
  resolved "https://registry.yarnpkg.com/@rolldown/binding-linux-arm64-gnu/-/binding-linux-arm64-gnu-1.2.8.tgz#07f33840b650b6a3f5954ccfc43b13629374182a"
  integrity sha512-KdYQDPHwJVnbFwdTGMgxsI9SqblBlz6STGM+w1We/d5B8OWWidYH0MwkU/uA1wM5fIpO2MkOVxXrNzzuZhw9ew==

"@rolldown/binding-linux-arm64-musl@1.2.8":
  version "1.2.8"
  resolved "https://registry.yarnpkg.com/@rolldown/binding-linux-arm64-musl/-/binding-linux-arm64-musl-1.2.8.tgz#357922929ec19c05f6d8eabd0899a053bab1a08b"
  integrity sha512-jFJTifHnNPY+yzOoNZQfSIysrVyXzEQPhPnOUjmD1bcQGHH6s7c8cViKWar8YplQImE5N9JRqMCLrM2CdxOrZA==

"@rolldown/binding-linux-ppc64-gnu@1.2.8":
  version "1.2.8"
  resolved "https://registry.yarnpkg.com/@rolldown/binding-linux-ppc64-gnu/-/binding-linux-ppc64-gnu-1.2.8.tgz#0bc7b29262d3022d8cf57876d70d819387bd3dc9"
  integrity sha512-FhiOziBDWPBjbcmRzfLyIJnaP7AVMFXT7YCXPjXxj7wKU3vx24RjrCNN/zjvVa+N2vVoHJwCoUBvsrN/DG3zIA==

"@rolldown/binding-linux-s390x-gnu@1.2.8":
  version "1.2.8"
  resolved "https://registry.yarnpkg.com/@rolldown/binding-linux-s390x-gnu/-/binding-linux-s390x-gnu-1.2.8.tgz#3a3d653becc48975025b8922056822662b7d4414"
  integrity sha512-WnHfADMzOV2Y55wlx1hzzQnar/wDt/VdvWSD99r18Mz9ylNieIGOkRx3UV21h7m/eJvjySYJkO26VvGNFkwsIQ==

"@rolldown/binding-linux-x64-gnu@1.2.8":
  version "1.2.8"
  resolved "https://registry.yarnpkg.com/@rolldown/binding-linux-x64-gnu/-/binding-linux-x64-gnu-1.2.8.tgz#c14ec9af7dbc2b1e459b36e292d57b27565f6737"
  integrity sha512-H9tRr5ibfXFVLxbPOseVewewFpl28zcEdjRDt2FTUZU7odxP0gEv1ki4/kGmcGOh78oRwZuuQllGLZ9zTJp84g==

"@rolldown/binding-linux-x64-musl@1.2.8":
  version "1.2.8"
  resolved "https://registry.yarnpkg.com/@rolldown/binding-linux-x64-musl/-/binding-linux-x64-musl-1.2.8.tgz#40c2888d1ac87d9e39c6fc6799c060510e7a4d69"
  integrity sha512-UefiqfM3D6IVNlZ8tSGs9+Ejjud2T+oxO0IHADU45Y+lyEjD2dVFyZHbkfX0LUb5Zugo/oIv1eCO/KVYhgYJYA==

"@rolldown/binding-openharmony-arm64@1.2.8":
  version "1.2.8"
  resolved "https://registry.yarnpkg.com/@rolldown/binding-openharmony-arm64/-/binding-openharmony-arm64-1.2.8.tgz#3e021f4e77283ca111c709d3ed6775419f471056"
  integrity sha512-637Ke4kWSy6rp9cxQ9gMOXlxPgIw/c1beASV4M//3+9I4uwBVOOl74G+e3zyU3u19U7RkRl/HuewixZ/Z6+Rjg==

"@rolldown/binding-win32-arm64-msvc@1.2.8":
  version "1.2.8"
  resolved "https://registry.yarnpkg.com/@rolldown/binding-win32-arm64-msvc/-/binding-win32-arm64-msvc-1.2.8.tgz#32b6c6a335ad14f97025bb2bc90135222405bb76"
  integrity sha512-xWBkPOF1Q9k/Gv1nQXnVdLxKu74jXppuOM4Z3mnypVUJJJwLsMl7hNJGRAUJoG8A5MgOI1ACKM+wBFxSJzKy4A==

"@rolldown/binding-win32-x64-msvc@1.2.8":
  version "1.2.8"
  resolved "https://registry.yarnpkg.com/@rolldown/binding-win32-x64-msvc/-/binding-win32-x64-msvc-1.2.8.tgz#df4e965896c61411b96566abf345f46141f498c4"
  integrity sha512-uz2ZvfgXbxqNwijjjbxrnvALwpyODDcgc1T1N8N3rf/DXKQmaFwmB4LX4yyjggpwN2obdQLb2rgirX5ffCWYng==

"@rolldown/pluginutils@^1.0.0", "@rolldown/pluginutils@^1.0.1":
  version "1.0.1"
  resolved "https://registry.yarnpkg.com/@rolldown/pluginutils/-/pluginutils-1.0.1.tgz#e3fcee093fbb5ce765e1ad088ff4de2889f6f9be"
  integrity sha512-2j9bGt5Jh8hj+vPtgzPtl72j0yRxHAyumoo6TNfAjsLB04UtpSvPbPcDcBMxz7n+9CYB0c1GxQFxYRg2jimqGw==

"@vitejs/plugin-vue@^6.0.9":
  version "6.0.9"
  resolved "https://registry.yarnpkg.com/@vitejs/plugin-vue/-/plugin-vue-6.0.9.tgz#d6a6d288dd307d086dbf8d3fcccb8c378c473a45"
  integrity sha512-rD/MORlhaZMlXWW0rEn4FB4wMinWC0z/D7Ye160S5+Rs1mC8ZDAdcDp4SjKfUhG5t8q1ktcPVw4xuTkPRlzrSA==
  dependencies:
    "@rolldown/pluginutils" "^1.0.1"

"@vue-macros/common@^3.1.3":
  version "3.1.4"
  resolved "https://registry.yarnpkg.com/@vue-macros/common/-/common-3.1.4.tgz#cb56f0a84bdbfacbfa640ac34d9f805667adac8c"
  integrity sha512-/5Fv+6DgIcM9ajY05ZmKBv+LMX1M9A0X+IUwDRVdt67ciw8OV9bvG2r34p3RiEadlsQybjhKPRKNXDC8Bp23cw==
  dependencies:
    "@vue/compiler-sfc" "^3.5.22"
    ast-kit "^2.1.2"
    local-pkg "^1.1.2"
    magic-string-ast "^1.0.2"
    unplugin-utils "^0.3.0"

"@vue/compiler-core@3.5.33":
  version "3.5.33"
  resolved "https://registry.yarnpkg.com/@vue/compiler-core/-/compiler-core-3.5.33.tgz#69da5fdbeadb86d5a8511cf4b80e6116c21e00f6"
  integrity sha512-3PZLQwFw4Za3TC8t0FvTy3wI16Kt+pmwcgNZca4Pj9iWL2E72a/gZlpBtAJvEdDMdCxdG/qq0C7PN0bsJuv0Rw==
  dependencies:
    "@babel/parser" "^7.29.2"
    "@vue/shared" "3.5.33"
    entities "^7.0.1"
    estree-walker "^2.0.2"
    source-map-js "^1.2.1"

"@vue/compiler-core@3.5.43":
  version "3.5.43"
  resolved "https://registry.yarnpkg.com/@vue/compiler-core/-/compiler-core-3.5.43.tgz#ff792a8bb20d29fe2a9f013d5735d39c7808c9a5"
  integrity sha512-zdiLhnbe1QQqgDT8xZMpNmyqZ3qlI+/Q/FHQco57Kwl/b05HhCzN6eVGN9QU9rbga4CrS0H5SYY8VGHZCt/1Hg==
  dependencies:
    "@babel/parser" "^7.29.8"
    "@vue/shared" "3.5.43"
    entities "^7.0.1"
    estree-walker "^2.0.2"
    source-map-js "^1.2.1"

"@vue/compiler-dom@3.5.33":
  version "3.5.33"
  resolved "https://registry.yarnpkg.com/@vue/compiler-dom/-/compiler-dom-3.5.33.tgz#20ec1f3b4d9c455cc90957e13767cd3ee16c9790"
  integrity sha512-PXq0yrfCLzzL07rbXO4awtXY1Z06LG2eu6Adg3RJFa/j3Cii217XxxLXG22N330gw7GmALCY0Z8RgXEviwgpjA==
  dependencies:
    "@vue/compiler-core" "3.5.33"
    "@vue/shared" "3.5.33"

"@vue/compiler-dom@3.5.43":
  version "3.5.43"
  resolved "https://registry.yarnpkg.com/@vue/compiler-dom/-/compiler-dom-3.5.43.tgz#1bec85b4c3078544b278524e521311a6202d673f"
  integrity sha512-PEZoAk3NQmsn/ejMzSOCyTYqwGqczrWm70PuhBKjjv1+TCoQAaO/zOqNwjV+honlNstT5ILxtc+8r8UUfj+iEQ==
  dependencies:
    "@vue/compiler-core" "3.5.43"
    "@vue/shared" "3.5.43"

"@vue/compiler-sfc@3.5.43", "@vue/compiler-sfc@^3.5.43":
  version "3.5.43"
  resolved "https://registry.yarnpkg.com/@vue/compiler-sfc/-/compiler-sfc-3.5.43.tgz#19c097f398abacfee9627646075a919d2f57a6ae"
  integrity sha512-FCbrG3XNCRl+js3huuKx4IVHBLTvMkJhVepjbxSPu1gn4yWLaYtGNQdjJGZaMytXB6qb76qQDDmDSLy/vkmleQ==
  dependencies:
    "@babel/parser" "^7.29.8"
    "@vue/compiler-core" "3.5.43"
    "@vue/compiler-dom" "3.5.43"
    "@vue/compiler-ssr" "3.5.43"
    "@vue/shared" "3.5.43"
    estree-walker "^2.0.2"
    magic-string "^0.30.21"
    postcss "^8.5.28"
    source-map-js "^1.2.1"

"@vue/compiler-sfc@^3.5.22":
  version "3.5.33"
  resolved "https://registry.yarnpkg.com/@vue/compiler-sfc/-/compiler-sfc-3.5.33.tgz#647b0337dbef6e3da042576f5663ff327f635f78"
  integrity sha512-UTUvRO9cY+rROrx/pvN9P5Z7FgA6QGfokUCfhQE4EnmUj3rVnK+CHI0LsEO1pg+I7//iRYMUfcNcCPe7tg0CoA==
  dependencies:
    "@babel/parser" "^7.29.2"
    "@vue/compiler-core" "3.5.33"
    "@vue/compiler-dom" "3.5.33"
    "@vue/compiler-ssr" "3.5.33"
    "@vue/shared" "3.5.33"
    estree-walker "^2.0.2"
    magic-string "^0.30.21"
    postcss "^8.5.10"
    source-map-js "^1.2.1"

"@vue/compiler-ssr@3.5.33":
  version "3.5.33"
  resolved "https://registry.yarnpkg.com/@vue/compiler-ssr/-/compiler-ssr-3.5.33.tgz#c4e98e9427b37585351f54cb105d4ccb477e572f"
  integrity sha512-IErjYdnj1qIupG5xxiVIYiiRvDhGWV4zuh/RCrwfYpuL+HWQzeU6lCk/nF9r7olWMnjKxCAkOctT2qFWFkzb1A==
  dependencies:
    "@vue/compiler-dom" "3.5.33"
    "@vue/shared" "3.5.33"

"@vue/compiler-ssr@3.5.43":
  version "3.5.43"
  resolved "https://registry.yarnpkg.com/@vue/compiler-ssr/-/compiler-ssr-3.5.43.tgz#aacd1d047545d51d5cb0eca9aa3f490507bf7040"
  integrity sha512-GF62orf7KiJX9RqrHNGrYBudsQGD0OhJ5nDs90O8UiDuS40+YMYomiXu6w6EuvtXuRDc3MSNis3EaaSKAVSWpg==
  dependencies:
    "@vue/compiler-dom" "3.5.43"
    "@vue/shared" "3.5.43"

"@vue/devtools-api@^8.1.5":
  version "8.2.1"
  resolved "https://registry.yarnpkg.com/@vue/devtools-api/-/devtools-api-8.2.1.tgz#9d95de2b908aa80b9957d737ddca51790e70c3b5"
  integrity sha512-6u4vXBlIBAC1wMplIZgpyPn7uh/s4Bf6F5bMzvLv+EdJ0aHs/+4B7Ygv864EStQSjRbsRzTko/kUG1A1IejQ3A==
  dependencies:
    "@vue/devtools-kit" "^8.2.1"

"@vue/devtools-kit@^8.2.1":
  version "8.2.1"
  resolved "https://registry.yarnpkg.com/@vue/devtools-kit/-/devtools-kit-8.2.1.tgz#ad45babb12c51931d32d1b67ffaebc251f550ce9"
  integrity sha512-FIGIuq3AWReEpbAHY/cRGeHDfI0qOb8OCQ3YjbEAX04uaxIDbGc9rhkbVcG7rnfHPXE3RsU5KrWOu9V/okd8AQ==
  dependencies:
    "@vue/devtools-shared" "^8.2.1"
    birpc "^2.6.1"
    hookable "^5.5.3"
    perfect-debounce "^2.0.0"

"@vue/devtools-shared@^8.2.1":
  version "8.2.1"
  resolved "https://registry.yarnpkg.com/@vue/devtools-shared/-/devtools-shared-8.2.1.tgz#26524e9e12fd205bcd5477cf3b5e9a17b876aeac"
  integrity sha512-Fkac7lUdGReh6pVOi3AYPRGe82LQqRmAfThW7RRligOAP0ZA/Z1z9XLHDM9dv34pV2HRc79DK8uKPeG2fLnA/g==

"@vue/reactivity@3.5.43":
  version "3.5.43"
  resolved "https://registry.yarnpkg.com/@vue/reactivity/-/reactivity-3.5.43.tgz#26441233103e834616959a032d8fabd4524fd089"
  integrity sha512-G/c9GyOZNI2jVaaS6OX1EF1SSFSv7H0ERqNTl4+DTFMlZmB5eVAB53aLQNam/7NL2NPtaDD7RdVrzf8uJzMuOA==
  dependencies:
    "@vue/shared" "3.5.43"

"@vue/runtime-core@3.5.43":
  version "3.5.43"
  resolved "https://registry.yarnpkg.com/@vue/runtime-core/-/runtime-core-3.5.43.tgz#eca01c87c32047d32f3639c1a9206d368abe0c46"
  integrity sha512-hU6U6VnVhBGQDpvlnnDlIB8ZGJBiOcgk2lh/0InltHiz3D8oSkluvuvY+do1G2H3+udeKFsmaBlgVYP7gXQzEw==
  dependencies:
    "@vue/reactivity" "3.5.43"
    "@vue/shared" "3.5.43"

"@vue/runtime-dom@3.5.43":
  version "3.5.43"
  resolved "https://registry.yarnpkg.com/@vue/runtime-dom/-/runtime-dom-3.5.43.tgz#c40a898bd1ce11697741b9a079414a803413028a"
  integrity sha512-Bb2Jc0YjjJdMt1SJmb9b2L/IWd3I8lIT9x9eS/xvvP9CiVgna0ffua74xKRmt4/uSJ+0r4iN8ex1jrqkhQGWQw==
  dependencies:
    "@vue/reactivity" "3.5.43"
    "@vue/runtime-core" "3.5.43"
    "@vue/shared" "3.5.43"
    csstype "^3.2.3"

"@vue/server-renderer@3.5.43":
  version "3.5.43"
  resolved "https://registry.yarnpkg.com/@vue/server-renderer/-/server-renderer-3.5.43.tgz#ae2b84b832821e39c3355705e1c269f5a7d29b3c"
  integrity sha512-l2Ygjv9NehV94PSBxNWsAHC0j/eIIKbn92mBuWXAPGLnn6HfJ6MH5ubsd+Nk0YoZ5FRuxWI1P2VSoh+dbPQhCQ==
  dependencies:
    "@vue/compiler-ssr" "3.5.43"
    "@vue/runtime-dom" "3.5.43"
    "@vue/shared" "3.5.43"

"@vue/shared@3.5.33":
  version "3.5.33"
  resolved "https://registry.yarnpkg.com/@vue/shared/-/shared-3.5.33.tgz#b41070039e91d2921edb4c38cbcc80f498a24f3a"
  integrity sha512-5vR2QIlmaLG77Ygd4pMP6+SGQ5yox9VhtnbDWTy9DzMzdmeLxZ1QqxrywEZ9sa1AVubfIJyaCG3ytyWU81ufcQ==

"@vue/shared@3.5.43":
  version "3.5.43"
  resolved "https://registry.yarnpkg.com/@vue/shared/-/shared-3.5.43.tgz#22c11ecf1304bfc6f6b745f3b4ba54c410074338"
  integrity sha512-uksS7YGMR5NZyr4JNq0Rp+QyLns0ueaz20KwzIPW9R0LH1Vnt4E+XUM29PNseEbf1www2gOuhuDi5AKOIXag9Q==

acorn@^8.16.0:
  version "8.16.0"
  resolved "https://registry.yarnpkg.com/acorn/-/acorn-8.16.0.tgz#4ce79c89be40afe7afe8f3adb902a1f1ce9ac08a"
  integrity sha512-UVJyE9MttOsBQIDKw1skb9nAwQuR5wuGD3+82K6JgJlm/Y+KI92oNsMNGZCYdDsVtRHSak0pcV5Dno5+4jh9sw==

ast-kit@^2.1.2, ast-kit@^2.2.0:
  version "2.2.0"
  resolved "https://registry.yarnpkg.com/ast-kit/-/ast-kit-2.2.0.tgz#6d9a298acefef5bdfc5a0fa51d94d1334ef2e671"
  integrity sha512-m1Q/RaVOnTp9JxPX+F+Zn7IcLYMzM8kZofDImfsKZd8MbR+ikdOzTeztStWqfrqIxZnYWryyI9ePm3NGjnZgGw==
  dependencies:
    "@babel/parser" "^7.28.5"
    pathe "^2.0.3"

ast-walker-scope@^0.9.0:
  version "0.9.0"
  resolved "https://registry.yarnpkg.com/ast-walker-scope/-/ast-walker-scope-0.9.0.tgz#3bdcba80c488dd4c7fc1de055d645a0f95dff8fe"
  integrity sha512-IJdzo2vLiElBxKzwS36VsCue/62d6IdWjnPB2v3nuPKeWGynp6FF/CYoLa5i/3jXH/z97ZDdsXz6abpgM6w07A==
  dependencies:
    "@babel/parser" "^7.29.2"
    "@babel/types" "^7.29.0"
    ast-kit "^2.2.0"

autoprefixer@^10.6.1:
  version "10.6.1"
  resolved "https://registry.yarnpkg.com/autoprefixer/-/autoprefixer-10.6.1.tgz#437cea1a0b96cedc4065c05327b728b1594faf27"
  integrity sha512-cL1Qz6ADZhcEbny/8HPfe99J6HhNoYtpX2LFLIbhgGE7Q1hlQVkYFdetDN7Id3KiQxhDrHwzlHr/YQCnZ8+xSA==
  dependencies:
    browserslist "^4.28.9"
    caniuse-lite "^1.0.30001810"
    fraction.js "^5.3.4"
    picocolors "^1.1.1"
    postcss-value-parser "^4.2.0"

baseline-browser-mapping@^2.11.20:
  version "2.11.21"
  resolved "https://registry.yarnpkg.com/baseline-browser-mapping/-/baseline-browser-mapping-2.11.21.tgz#99af73cb8e54007e4f5345e132278e26c2662f2c"
  integrity sha512-uh8vpY/1/YyFkunIDFH/12p7/7VdPKA1hejMVEbdkEaWnUz0Hesvx5EbiU6XxjyHZIOju+ZMbQJkRh+es3/spQ==

birpc@^2.6.1:
  version "2.9.0"
  resolved "https://registry.yarnpkg.com/birpc/-/birpc-2.9.0.tgz#b59550897e4cd96a223e2a6c1475b572236ed145"
  integrity sha512-KrayHS5pBi69Xi9JmvoqrIgYGDkD6mcSe/i6YKi3w5kekCLzrX4+nawcXqrj2tIp50Kw/mT/s3p+GVK0A0sKxw==

browserslist@^4.28.9:
  version "4.28.9"
  resolved "https://registry.yarnpkg.com/browserslist/-/browserslist-4.28.9.tgz#07ce6b449b90af880eb9bfb7cd39372cc4f71c8c"
  integrity sha512-EWazOblFYUvlGZcfGhPUPmYh3nikUxBVb+y9MJun5f3hBi812X+8MSQTujLBtgK3cf51fJWbWfOjyeO954d+Eg==
  dependencies:
    baseline-browser-mapping "^2.11.20"
    caniuse-lite "^1.0.30001810"
    electron-to-chromium "^1.5.420"
    node-releases "^2.0.54"
    update-browserslist-db "^1.3.2"

caniuse-lite@^1.0.30001810:
  version "1.0.30001810"
  resolved "https://registry.yarnpkg.com/caniuse-lite/-/caniuse-lite-1.0.30001810.tgz#4970b477dea3278374de9bc43aa8f5d39fc3cda2"
  integrity sha512-TITQPUkaz+aVk5GL6NhOdwk1aEaNTSDPsGFWrTuhKGtjTF70jL/Oht2W4c6rXUe5fu7Ie19VIahAXHIIiWWNeg==

chokidar@^5.0.0:
  version "5.0.0"
  resolved "https://registry.yarnpkg.com/chokidar/-/chokidar-5.0.0.tgz#949c126a9238a80792be9a0265934f098af369a5"
  integrity sha512-TQMmc3w+5AxjpL8iIiwebF73dRDF4fBIieAqGn9RGCWaEVwQ6Fb2cGe31Yns0RRIzii5goJ1Y7xbMwo1TxMplw==
  dependencies:
    readdirp "^5.0.0"

confbox@^0.1.8:
  version "0.1.8"
  resolved "https://registry.yarnpkg.com/confbox/-/confbox-0.1.8.tgz#820d73d3b3c82d9bd910652c5d4d599ef8ff8b06"
  integrity sha512-RMtmw0iFkeR4YV+fUOSucriAQNb9g8zFR52MWCtl+cCZOFRNL6zeB395vPzFhEjjn4fMxXudmELnl/KF/WrK6w==

confbox@^0.2.2, confbox@^0.2.4:
  version "0.2.4"
  resolved "https://registry.yarnpkg.com/confbox/-/confbox-0.2.4.tgz#592e7be71f882a4a874e3c88f0ac1ef6f7da1ce5"
  integrity sha512-ysOGlgTFbN2/Y6Cg3Iye8YKulHw+R2fNXHrgSmXISQdMnomY6eNDprVdW9R5xBguEqI954+S6709UyiO7B+6OQ==

cross-env@^10.1.0:
  version "10.1.0"
  resolved "https://registry.yarnpkg.com/cross-env/-/cross-env-10.1.0.tgz#cfd2a6200df9ed75bfb9cb3d7ce609c13ea21783"
  integrity sha512-GsYosgnACZTADcmEyJctkJIoqAhHjttw7RsFrVoJNXbsWWqaq6Ym+7kZjq6mS45O0jij6vtiReppKQEtqWy6Dw==
  dependencies:
    "@epic-web/invariant" "^1.0.0"
    cross-spawn "^7.0.6"

cross-spawn@^7.0.6:
  version "7.0.6"
  resolved "https://registry.yarnpkg.com/cross-spawn/-/cross-spawn-7.0.6.tgz#8a58fe78f00dcd70c370451759dfbfaf03e8ee9f"
  integrity sha512-uV2QOWP2nWzsy2aMp8aRibhi9dlzF5Hgh5SHaB9OiTGEyDTiJJyx0uy51QXdyWbtAHNua4XJzUKca3OzKUd3vA==
  dependencies:
    path-key "^3.1.0"
    shebang-command "^2.0.0"
    which "^2.0.1"

csstype@^3.2.3:
  version "3.2.3"
  resolved "https://registry.yarnpkg.com/csstype/-/csstype-3.2.3.tgz#ec48c0f3e993e50648c86da559e2610995cf989a"
  integrity sha512-z1HGKcYy2xA8AGQfwrn0PAy+PB7X/GSj3UVJW9qKyn43xWa+gl5nXmU4qqLMRzWVLFC8KusUX8T/0kCiOYpAIQ==

detect-libc@^2.0.3:
  version "2.1.2"
  resolved "https://registry.yarnpkg.com/detect-libc/-/detect-libc-2.1.2.tgz#689c5dcdc1900ef5583a4cb9f6d7b473742074ad"
  integrity sha512-Btj2BOOO83o3WyH59e8MgXsxEQVcarkUOpEYrubB0urwnN10yQ364rsiByU11nZlqWYZm05i/of7io4mzihBtQ==

electron-to-chromium@^1.5.420:
  version "1.5.422"
  resolved "https://registry.yarnpkg.com/electron-to-chromium/-/electron-to-chromium-1.5.422.tgz#e27fb1ca0e6bef612a647022e1469701fea9ee1f"
  integrity sha512-UvA/32XqrLDdZSn7Jllo1AYNcWji/G0d5M0GTViE7KoGBiMunw3a34Sb2KO4ZZyrSEhqsxFoVhWWJshdyfKqJA==

entities@^7.0.1:
  version "7.0.1"
  resolved "https://registry.yarnpkg.com/entities/-/entities-7.0.1.tgz#26e8a88889db63417dcb9a1e79a3f1bc92b5976b"
  integrity sha512-TWrgLOFUQTH994YUyl1yT4uyavY5nNB5muff+RtWaqNVCAK408b5ZnnbNAUEWLTCpum9w6arT70i1XdQ4UeOPA==

escalade@^3.2.0:
  version "3.2.0"
  resolved "https://registry.yarnpkg.com/escalade/-/escalade-3.2.0.tgz#011a3f69856ba189dffa7dc8fcce99d2a87903e5"
  integrity sha512-WUj2qlxaQtO4g6Pq5c29GTcWGDyd8itL8zTlipgECz3JesAiiOKotd8JU6otB3PACgG6xkJUyVhboMS+bje/jA==

estree-walker@^2.0.2:
  version "2.0.2"
  resolved "https://registry.yarnpkg.com/estree-walker/-/estree-walker-2.0.2.tgz#52f010178c2a4c117a7757cfe942adb7d2da4cac"
  integrity sha512-Rfkk/Mp/DL7JVje3u18FxFujQlTNR2q6QfMSMB7AvCBx91NGj/ba3kCfza0f6dVDbw7YlRf/nDrn7pQrCCyQ/w==

exsolve@^1.0.7:
  version "1.0.8"
  resolved "https://registry.yarnpkg.com/exsolve/-/exsolve-1.0.8.tgz#7f5e34da61cd1116deda5136e62292c096f50613"
  integrity sha512-LmDxfWXwcTArk8fUEnOfSZpHOJ6zOMUJKOtFLFqJLoKJetuQG874Uc7/Kki7zFLzYybmZhp1M7+98pfMqeX8yA==

fdir@^6.5.0:
  version "6.5.0"
  resolved "https://registry.yarnpkg.com/fdir/-/fdir-6.5.0.tgz#ed2ab967a331ade62f18d077dae192684d50d350"
  integrity sha512-tIbYtZbucOs0BRGqPJkshJUYdL+SDH7dVM8gjy+ERp3WAUjLEFJE+02kanyHtwjWOnwrKYBiwAmM0p4kLJAnXg==

fraction.js@^5.3.4:
  version "5.3.4"
  resolved "https://registry.yarnpkg.com/fraction.js/-/fraction.js-5.3.4.tgz#8c0fcc6a9908262df4ed197427bdeef563e0699a"
  integrity sha512-1X1NTtiJphryn/uLQz3whtY6jK3fTqoE3ohKs0tT+Ujr1W59oopxmoEh7Lu5p6vBaPbgoM0bzveAW4Qi5RyWDQ==

fsevents@~2.3.3:
  version "2.3.3"
  resolved "https://registry.yarnpkg.com/fsevents/-/fsevents-2.3.3.tgz#cac6407785d03675a2a5e1a5305c697b347d90d6"
  integrity sha512-5xoDfX+fL7faATnagmWPpbFtwh/R77WmMMqqHGS65C3vvB0YHrgF+B1YmZ3441tMj5n63k0212XNoJwzlhffQw==

hookable@^5.5.3:
  version "5.5.3"
  resolved "https://registry.yarnpkg.com/hookable/-/hookable-5.5.3.tgz#6cfc358984a1ef991e2518cb9ed4a778bbd3215d"
  integrity sha512-Yc+BQe8SvoXH1643Qez1zqLRmbA5rCL+sSmk6TVos0LWVfNIB7PGncdlId77WzLGSIB5KaWgTaNTs2lNVEI6VQ==

isexe@^2.0.0:
  version "2.0.0"
  resolved "https://registry.yarnpkg.com/isexe/-/isexe-2.0.0.tgz#e8fbf374dc556ff8947a10dcb0572d633f2cfa10"
  integrity sha1-6PvzdNxVb/iUehDcsFctYz8s+hA=

lightningcss-android-arm64@1.33.0:
  version "1.33.0"
  resolved "https://registry.yarnpkg.com/lightningcss-android-arm64/-/lightningcss-android-arm64-1.33.0.tgz#9a6841f88ae50fc83502903892b41af41bc2b907"
  integrity sha512-gEpRTalKdosp4Bb8qWtc2iOgE5SeIHlpS1up9bFq2wAyYhl1UdTObYiHe98zEM9SQvSoqQZ1IQD0JNpg3Ml5pg==

lightningcss-darwin-arm64@1.33.0:
  version "1.33.0"
  resolved "https://registry.yarnpkg.com/lightningcss-darwin-arm64/-/lightningcss-darwin-arm64-1.33.0.tgz#c0f2c31c0bfd19fa4dd3f18e957a1f1a152097d6"
  integrity sha512-Sciaz8eenNTKn9b3t7+xr0ipTp9YxKQY4npwQ3mrRuL0BAVHBLyZxofhaKBAVtzmtRZ/zTyo0/to4B1uWG/Djg==

lightningcss-darwin-x64@1.33.0:
  version "1.33.0"
  resolved "https://registry.yarnpkg.com/lightningcss-darwin-x64/-/lightningcss-darwin-x64-1.33.0.tgz#cb0705965acb538c6683949ce6925fb3cdf7c361"
  integrity sha512-Z5UPAxzrjlWNNyGy6i65cJzzvgJ5D3T6wMvs+gWpY9d7qRhANrxqAp6LhxIgZhWEw18RfJTGcRxjuLIBr+m8XQ==

lightningcss-freebsd-x64@1.33.0:
  version "1.33.0"
  resolved "https://registry.yarnpkg.com/lightningcss-freebsd-x64/-/lightningcss-freebsd-x64-1.33.0.tgz#763538828b26bab2680dadafcc84ee78b0eb502b"
  integrity sha512-QQM/Ti/hQajJwCY+RiWuCZ9sdtI/XQk7nDK5vC8kkdwixezOlDgvDx7+RT+QjK6FcFT4MpsuoBnHIo/O3StRRg==

lightningcss-linux-arm-gnueabihf@1.33.0:
  version "1.33.0"
  resolved "https://registry.yarnpkg.com/lightningcss-linux-arm-gnueabihf/-/lightningcss-linux-arm-gnueabihf-1.33.0.tgz#6862e3176a331aedbdec1ed352b4d7d0dd0784de"
  integrity sha512-N7FVBe6iS24MlM6R/4RBTxGhQheZGs7tiQ9U32UtF75NzP5Q7xWPRqLBCKxlRQRk3rY1jCIPLzx7WzOhuUIRLQ==

lightningcss-linux-arm64-gnu@1.33.0:
  version "1.33.0"
  resolved "https://registry.yarnpkg.com/lightningcss-linux-arm64-gnu/-/lightningcss-linux-arm64-gnu-1.33.0.tgz#c6a3a2ed15141daf6bdc2628930f8e39bdf473aa"
  integrity sha512-j2v/itmy4HlNxlc6voKXYgBqNi0Ng2LShg4z7GufpEgs05P+2suBVyi9I6YHq5uoVFx9ETin3eCEhLVyXGQnKg==

lightningcss-linux-arm64-musl@1.33.0:
  version "1.33.0"
  resolved "https://registry.yarnpkg.com/lightningcss-linux-arm64-musl/-/lightningcss-linux-arm64-musl-1.33.0.tgz#7fa1334971fc82845f9827df6ef8a0b20914bac6"
  integrity sha512-yiO5ROMuYQgXbC60yjZU5CYSFZGKXL0HFATXt9mHJn1+zW55oCtMI9NfcVhYLMFDL7gV7oBPon/EmMMGg2OvtQ==

lightningcss-linux-x64-gnu@1.33.0:
  version "1.33.0"
  resolved "https://registry.yarnpkg.com/lightningcss-linux-x64-gnu/-/lightningcss-linux-x64-gnu-1.33.0.tgz#8b927862ea8c2bbc6831a46509244b50d9936e55"
  integrity sha512-ar+Ju7LmcN0Jo4FpL4hpFybwNG9/3A/Br5KW2n2jyODg3MEZXaDYADdemoNS+BDNfMgKvylJLj4S5tyRActuAg==

lightningcss-linux-x64-musl@1.33.0:
  version "1.33.0"
  resolved "https://registry.yarnpkg.com/lightningcss-linux-x64-musl/-/lightningcss-linux-x64-musl-1.33.0.tgz#0c525bb077dfd94404c059cfe42dad797e96aeaf"
  integrity sha512-RYiYbkokw0trfKqqzfF55lginwEPrD3OJDfTuJzFs1MK6iFnDenaz1fqLLtX4ITG3OktJQXOeTaw1awrBAlZPw==

lightningcss-win32-arm64-msvc@1.33.0:
  version "1.33.0"
  resolved "https://registry.yarnpkg.com/lightningcss-win32-arm64-msvc/-/lightningcss-win32-arm64-msvc-1.33.0.tgz#850ee1103dac989cfab50e3ac22d1a69e394e63d"
  integrity sha512-1K+MPfLSFVpphzpdbfkhlWk6wBrTObBzS2T6db10PNOZgR9GoVsAWzwNyuhUYYbTp23j+4RrncfujZ4uAzXvwA==

lightningcss-win32-x64-msvc@1.33.0:
  version "1.33.0"
  resolved "https://registry.yarnpkg.com/lightningcss-win32-x64-msvc/-/lightningcss-win32-x64-msvc-1.33.0.tgz#e343ae152eed3609dc6e11949d1a3bf39a1c946f"
  integrity sha512-OlEICDx/Xl0FqSp4bry8zFnCvGpig3Gl4gCquvYwHuqJKEC1+n9NgDniFvqHGmMv1ZkqDJrDqKKSykTDX+ehuA==

lightningcss@^1.33.0:
  version "1.33.0"
  resolved "https://registry.yarnpkg.com/lightningcss/-/lightningcss-1.33.0.tgz#c08867d71a79385c6e190214fd72fef3e5f95f0b"
  integrity sha512-WkUDrojuJs0xkgGf2udWxa3yGBRxPtxUkB79i6aCZLRgc7PM8fZe9TosfPDcvEpQZbuFASnHYmRLBLUbmLOIIA==
  dependencies:
    detect-libc "^2.0.3"
  optionalDependencies:
    lightningcss-android-arm64 "1.33.0"
    lightningcss-darwin-arm64 "1.33.0"
    lightningcss-darwin-x64 "1.33.0"
    lightningcss-freebsd-x64 "1.33.0"
    lightningcss-linux-arm-gnueabihf "1.33.0"
    lightningcss-linux-arm64-gnu "1.33.0"
    lightningcss-linux-arm64-musl "1.33.0"
    lightningcss-linux-x64-gnu "1.33.0"
    lightningcss-linux-x64-musl "1.33.0"
    lightningcss-win32-arm64-msvc "1.33.0"
    lightningcss-win32-x64-msvc "1.33.0"

local-pkg@^1.1.2:
  version "1.1.2"
  resolved "https://registry.yarnpkg.com/local-pkg/-/local-pkg-1.1.2.tgz#c03d208787126445303f8161619dc701afa4abb5"
  integrity sha512-arhlxbFRmoQHl33a0Zkle/YWlmNwoyt6QNZEIJcqNbdrsix5Lvc4HyyI3EnwxTYlZYc32EbYrQ8SzEZ7dqgg9A==
  dependencies:
    mlly "^1.7.4"
    pkg-types "^2.3.0"
    quansync "^0.2.11"

local-pkg@^1.2.1:
  version "1.2.1"
  resolved "https://registry.yarnpkg.com/local-pkg/-/local-pkg-1.2.1.tgz#9628389399851d78f3b50c9236eddb02f0c31b2b"
  integrity sha512-++gUqRDEvcnN6Zhqrr+y/CkVEHhlrR96vZn3nZZPYzMcBUyBtTKzB9NadClFIsIVSsu+3i9tfk/erqy9kAmt7Q==
  dependencies:
    mlly "^1.7.4"
    pkg-types "^2.3.0"
    quansync "^0.2.11"

magic-string-ast@^1.0.2:
  version "1.0.3"
  resolved "https://registry.yarnpkg.com/magic-string-ast/-/magic-string-ast-1.0.3.tgz#51ef7832fd5c70a0188fb94627caa3b8c74ff9bf"
  integrity sha512-CvkkH1i81zl7mmb94DsRiFeG9V2fR2JeuK8yDgS8oiZSFa++wWLEgZ5ufEOyLHbvSbD1gTRKv9NdX69Rnvr9JA==
  dependencies:
    magic-string "^0.30.19"

magic-string@^0.30.19, magic-string@^0.30.21:
  version "0.30.21"
  resolved "https://registry.yarnpkg.com/magic-string/-/magic-string-0.30.21.tgz#56763ec09a0fa8091df27879fd94d19078c00d91"
  integrity sha512-vd2F4YUyEXKGcLHoq+TEyCjxueSeHnFxyyjNp80yg0XV4vUhnDer/lvvlqM/arB5bXQN5K2/3oinyCRyx8T2CQ==
  dependencies:
    "@jridgewell/sourcemap-codec" "^1.5.5"

mlly@^1.7.4, mlly@^1.8.2:
  version "1.8.2"
  resolved "https://registry.yarnpkg.com/mlly/-/mlly-1.8.2.tgz#e7f7919a82d13b174405613117249a3f449d78bb"
  integrity sha512-d+ObxMQFmbt10sretNDytwt85VrbkhhUA/JBGm1MPaWJ65Cl4wOgLaB1NYvJSZ0Ef03MMEU/0xpPMXUIQ29UfA==
  dependencies:
    acorn "^8.16.0"
    pathe "^2.0.3"
    pkg-types "^1.3.1"
    ufo "^1.6.3"

muggle-string@^0.4.1:
  version "0.4.1"
  resolved "https://registry.yarnpkg.com/muggle-string/-/muggle-string-0.4.1.tgz#3b366bd43b32f809dc20659534dd30e7c8a0d328"
  integrity sha512-VNTrAak/KhO2i8dqqnqnAHOa3cYBwXEZe9h+D5h/1ZqFSTEFHdM65lR7RoIqq3tBBYavsOXV84NoHXZ0AkPyqQ==

nanoid@^3.3.18:
  version "3.3.18"
  resolved "https://registry.yarnpkg.com/nanoid/-/nanoid-3.3.18.tgz#f66a2de1199ffde0fcf21c8a5f13106b1c081913"
  integrity sha512-DTg4MJbGMWkfi6VZFdNt2/caMbQy4Ou+Op/hJQvGEWcnVfoA1QA+xzRKAzw9jD6+GVOOeYr/mIcuDSdug6F6+w==

node-releases@^2.0.54:
  version "2.0.54"
  resolved "https://registry.yarnpkg.com/node-releases/-/node-releases-2.0.54.tgz#09af17d5647aa9f221ec5cf2becb95b68a981afe"
  integrity sha512-YHs7BmmcsdAI5Ozuf8JZo6PT0mv2GIWC9vMfvUC3dp65M8hn7Ux8CPL+2oBI7juNuj9d0ndhTcznq2ODBps9cQ==

nostics@^1.1.4:
  version "1.2.0"
  resolved "https://registry.yarnpkg.com/nostics/-/nostics-1.2.0.tgz#1362df6de2ca8456b521914501abf6c52c4d7fb5"
  integrity sha512-FGqEfhQjrvo1lL8KFifdTQiNwwQHJxC1jtYE1Rc54qF/jxONUNL+kC9gS1krX8Q65PgrQ5fCqH/I4NhWBvdSqg==

path-key@^3.1.0:
  version "3.1.1"
  resolved "https://registry.yarnpkg.com/path-key/-/path-key-3.1.1.tgz#581f6ade658cbba65a0d3380de7753295054f375"
  integrity sha512-ojmeN0qd+y0jszEtoY48r0Peq5dwMEkIlCOu6Q5f41lfkswXuKtYrhgoTpLnyIcHm24Uhqx+5Tqm2InSwLhE6Q==

pathe@^2.0.1, pathe@^2.0.3:
  version "2.0.3"
  resolved "https://registry.yarnpkg.com/pathe/-/pathe-2.0.3.tgz#3ecbec55421685b70a9da872b2cff3e1cbed1716"
  integrity sha512-WUjGcAqP1gQacoQe+OBJsFA7Ld4DyXuUIjZ5cc75cLHvJ7dtNsTugphxIADwspS+AraAUePCKrSVtPLFj/F88w==

perfect-debounce@^2.0.0:
  version "2.1.0"
  resolved "https://registry.yarnpkg.com/perfect-debounce/-/perfect-debounce-2.1.0.tgz#e7078e38f231cb191855c3136a4423aef725d261"
  integrity sha512-LjgdTytVFXeUgtHZr9WYViYSM/g8MkcTPYDlPa3cDqMirHjKiSZPYd6DoL7pK8AJQr+uWkQvCjHNdiMqsrJs+g==

picocolors@^1.1.1:
  version "1.1.1"
  resolved "https://registry.yarnpkg.com/picocolors/-/picocolors-1.1.1.tgz#3d321af3eab939b083c8f929a1d12cda81c26b6b"
  integrity sha512-xceH2snhtb5M9liqDsmEw56le376mTZkEX/jEb/RxNFyegNul7eNslCXP9FDj/Lcu0X8KEyMceP2ntpaHrDEVA==

picomatch@^4.0.3, picomatch@^4.0.4:
  version "4.0.4"
  resolved "https://registry.yarnpkg.com/picomatch/-/picomatch-4.0.4.tgz#fd6f5e00a143086e074dffe4c924b8fb293b0589"
  integrity sha512-QP88BAKvMam/3NxH6vj2o21R6MjxZUAd6nlwAS/pnGvN9IVLocLHxGYIzFhg6fUQ+5th6P4dv4eW9jX3DSIj7A==

picomatch@^4.0.5:
  version "4.0.5"
  resolved "https://registry.yarnpkg.com/picomatch/-/picomatch-4.0.5.tgz#51ea57a17d86f605f81039595fbc40ed06a55fab"
  integrity sha512-RvwwcruNjI1ncT5xRakeyS9Lf8lcItv34KD+aif+VH9kduAyfYBipGh12274xtenIPZ119/R9BdTBa8gAwSh0A==

picomatch@^4.0.7:
  version "4.0.7"
  resolved "https://registry.yarnpkg.com/picomatch/-/picomatch-4.0.7.tgz#6313360034ccb36b3dc61ecbdff78121f90fe21f"
  integrity sha512-qcJu88Q2IWqJsDD529JKMdwGm/dvInW4HvQnRwiH9JtihJvzGOscDtHE3x1pBKeUOTysQ8kVmLnJ2kJu7yhcGA==

pkg-types@^1.3.1:
  version "1.3.1"
  resolved "https://registry.yarnpkg.com/pkg-types/-/pkg-types-1.3.1.tgz#bd7cc70881192777eef5326c19deb46e890917df"
  integrity sha512-/Jm5M4RvtBFVkKWRu2BLUTNP8/M2a+UwuAX+ae4770q1qVGtfjG+WTCupoZixokjmHiry8uI+dlY8KXYV5HVVQ==
  dependencies:
    confbox "^0.1.8"
    mlly "^1.7.4"
    pathe "^2.0.1"

pkg-types@^2.3.0:
  version "2.3.0"
  resolved "https://registry.yarnpkg.com/pkg-types/-/pkg-types-2.3.0.tgz#037f2c19bd5402966ff6810e32706558cb5b5726"
  integrity sha512-SIqCzDRg0s9npO5XQ3tNZioRY1uK06lA41ynBC1YmFTmnY6FjUjVt6s4LoADmwoig1qqD0oK8h1p/8mlMx8Oig==
  dependencies:
    confbox "^0.2.2"
    exsolve "^1.0.7"
    pathe "^2.0.3"

postcss-value-parser@^4.2.0:
  version "4.2.0"
  resolved "https://registry.yarnpkg.com/postcss-value-parser/-/postcss-value-parser-4.2.0.tgz#723c09920836ba6d3e5af019f92bc0971c02e514"
  integrity sha512-1NNCs6uurfkVbeXG4S8JFT9t19m45ICnif8zWLd5oPSZ50QnwMfK+H3jv408d4jw/7Bttv5axS5IiHoLaVNHeQ==

postcss@^8.5.10, postcss@^8.5.28:
  version "8.5.28"
  resolved "https://registry.yarnpkg.com/postcss/-/postcss-8.5.28.tgz#da4563a99a06e62d6c1cd1acae363224bcaed6e9"
  integrity sha512-RRuzqDtt5Y9h3quz5hWhK+TPnsmVs6WwSU6LkJMeY4HstUEDuYTG8UJSdawMRzmzAtV+KEoG8N3Qg2qLy5vM/A==
  dependencies:
    nanoid "^3.3.18"
    picocolors "^1.1.1"
    source-map-js "^1.2.1"

quansync@^0.2.11:
  version "0.2.11"
  resolved "https://registry.yarnpkg.com/quansync/-/quansync-0.2.11.tgz#f9c3adda2e1272e4f8cf3f1457b04cbdb4ee692a"
  integrity sha512-AifT7QEbW9Nri4tAwR5M/uzpBuqfZf+zwaEM/QkzEjj7NBuFD2rBuy0K3dE+8wltbezDV7JMA0WfnCPYRSYbXA==

readdirp@^5.0.0:
  version "5.0.0"
  resolved "https://registry.yarnpkg.com/readdirp/-/readdirp-5.0.0.tgz#fbf1f71a727891d685bb1786f9ba74084f6e2f91"
  integrity sha512-9u/XQ1pvrQtYyMpZe7DXKv2p5CNvyVwzUB6uhLAnQwHMSgKMBR62lc7AHljaeteeHXn11XTAaLLUVZYVZyuRBQ==

rolldown@~1.2.6:
  version "1.2.8"
  resolved "https://registry.yarnpkg.com/rolldown/-/rolldown-1.2.8.tgz#3a18ad3c74809f05abe9130229b2b8b4249e9e21"
  integrity sha512-Z67nTmhZe7anqnM/EjI392w5i/ANUinjip7QYsOyN37oayduxt3ksdX0hf5OOamkAd53BiIHfbfSzfUmzKFQqQ==
  dependencies:
    "@oxc-project/types" "=0.149.0"
    "@rolldown/pluginutils" "^1.0.0"
  optionalDependencies:
    "@rolldown/binding-android-arm-eabi" "1.2.8"
    "@rolldown/binding-android-arm64" "1.2.8"
    "@rolldown/binding-darwin-arm64" "1.2.8"
    "@rolldown/binding-darwin-x64" "1.2.8"
    "@rolldown/binding-freebsd-x64" "1.2.8"
    "@rolldown/binding-linux-arm-gnueabihf" "1.2.8"
    "@rolldown/binding-linux-arm64-gnu" "1.2.8"
    "@rolldown/binding-linux-arm64-musl" "1.2.8"
    "@rolldown/binding-linux-ppc64-gnu" "1.2.8"
    "@rolldown/binding-linux-s390x-gnu" "1.2.8"
    "@rolldown/binding-linux-x64-gnu" "1.2.8"
    "@rolldown/binding-linux-x64-musl" "1.2.8"
    "@rolldown/binding-openharmony-arm64" "1.2.8"
    "@rolldown/binding-win32-arm64-msvc" "1.2.8"
    "@rolldown/binding-win32-x64-msvc" "1.2.8"

scule@^1.3.0:
  version "1.3.0"
  resolved "https://registry.yarnpkg.com/scule/-/scule-1.3.0.tgz#6efbd22fd0bb801bdcc585c89266a7d2daa8fbd3"
  integrity sha512-6FtHJEvt+pVMIB9IBY+IcCJ6Z5f1iQnytgyfKMhDKgmzYG+TeH/wx1y3l27rshSbLiSanrR9ffZDrEsmjlQF2g==

shebang-command@^2.0.0:
  version "2.0.0"
  resolved "https://registry.yarnpkg.com/shebang-command/-/shebang-command-2.0.0.tgz#ccd0af4f8835fbdc265b82461aaf0c36663f34ea"
  integrity sha512-kHxr2zZpYtdmrN1qDjrrX/Z1rR1kG8Dx+gkpK1G4eXmvXswmcE1hTWBWYUzlraYw1/yZp6YuDY77YtvbN0dmDA==
  dependencies:
    shebang-regex "^3.0.0"

shebang-regex@^3.0.0:
  version "3.0.0"
  resolved "https://registry.yarnpkg.com/shebang-regex/-/shebang-regex-3.0.0.tgz#ae16f1644d873ecad843b0307b143362d4c42172"
  integrity sha512-7++dFhtcx3353uBaq8DDR4NuxBetBzC7ZQOhmTQInHEd6bSrXdiEyzCvG07Z44UYdLShWUyXt5M/yhz8ekcb1A==

source-map-js@^1.2.1:
  version "1.2.1"
  resolved "https://registry.yarnpkg.com/source-map-js/-/source-map-js-1.2.1.tgz#1ce5650fddd87abc099eda37dcff024c2667ae46"
  integrity sha512-UXWMKhLOwVKb728IUtQPXxfYU+usdybtUrK/8uGE8CQMvrhOpwvzDBwj0QhSL7MQc7vIsISBG8VQ8+IDQxpfQA==

tailwindcss@^4.3.3:
  version "4.3.3"
  resolved "https://registry.yarnpkg.com/tailwindcss/-/tailwindcss-4.3.3.tgz#c006861611c213c1877893ab5b23daa16be2bb55"
  integrity sha512-gOhV3P7ufE62QDGg1zVaTgCR+EtPv92k2nIhVcVKcLmxT1sUBsQGhnZj175j+MqRt4zLF7ic+sCYjfhxMxj7YQ==

tinyglobby@^0.2.17:
  version "0.2.17"
  resolved "https://registry.yarnpkg.com/tinyglobby/-/tinyglobby-0.2.17.tgz#562a9a6c9eb2b3b123d39719f9af5bb44fcd7631"
  integrity sha512-wXR/dYpcqKmfWpEdZjiKJOwCNFndD0DMnrW/cYjVGttEkBfVgcLFHoNrlj47mjOVic9yyNu65alsgF4NQyTa2g==
  dependencies:
    fdir "^6.5.0"
    picomatch "^4.0.4"

ufo@^1.6.3:
  version "1.6.3"
  resolved "https://registry.yarnpkg.com/ufo/-/ufo-1.6.3.tgz#799666e4e88c122a9659805e30b9dc071c3aed4f"
  integrity sha512-yDJTmhydvl5lJzBmy/hyOAA0d+aqCBuwl818haVdYCRrWV84o7YyeVm4QlVHStqNrrJSTb6jKuFAVqAFsr+K3Q==

unplugin-utils@^0.3.0:
  version "0.3.1"
  resolved "https://registry.yarnpkg.com/unplugin-utils/-/unplugin-utils-0.3.1.tgz#ef2873670a6a2a21bd2c9d31307257cc863a709c"
  integrity sha512-5lWVjgi6vuHhJ526bI4nlCOmkCIF3nnfXkCMDeMJrtdvxTs6ZFCM8oNufGTsDbKv/tJ/xj8RpvXjRuPBZJuJog==
  dependencies:
    pathe "^2.0.3"
    picomatch "^4.0.3"

unplugin-utils@^0.3.2:
  version "0.3.2"
  resolved "https://registry.yarnpkg.com/unplugin-utils/-/unplugin-utils-0.3.2.tgz#22f6856408880b0b2d7dd974084faf94094613ef"
  integrity sha512-xVToRh2CTmLk2HnEG7ac4rl1MJTT3RFkpS8B++/SnB0kXvuaavD+n3m/vrzyWQOdJNSZQACnbz01pnppbwV5BA==
  dependencies:
    pathe "^2.0.3"
    picomatch "^4.0.4"

unplugin@^3.3.0:
  version "3.3.0"
  resolved "https://registry.yarnpkg.com/unplugin/-/unplugin-3.3.0.tgz#18de476b6130a6cde94db87f70ac32b97757f3c9"
  integrity sha512-qa66K+crbfyE6JK10GjvbJeRrOsuC/JpbnHctfyp/i4oBTxWOzJfRZyDiOk1PtErMFRu8JhsU/wPvOdBNWe5Rg==
  dependencies:
    "@jridgewell/remapping" "^2.3.5"
    picomatch "^4.0.4"
    webpack-virtual-modules "^0.6.2"

update-browserslist-db@^1.3.2:
  version "1.3.2"
  resolved "https://registry.yarnpkg.com/update-browserslist-db/-/update-browserslist-db-1.3.2.tgz#9d99fbff56c50bb11ba5fd35cece5916da595836"
  integrity sha512-UQ+MSxlhRm1bzjhU+DcuXfjFO1FzNtqhK5+9Yvlp90ItDLk5vT932A0rFu619nf7RVS+Y/VeaUW1jaRDqZ8VJw==
  dependencies:
    escalade "^3.2.0"
    picocolors "^1.1.1"

vite@^8.3.0:
  version "8.3.0"
  resolved "https://registry.yarnpkg.com/vite/-/vite-8.3.0.tgz#f9565cfd4879d58d28fa64d3c7aff3b372d2ccc8"
  integrity sha512-lhZBVvEHefgE+HQZC9O7EBJgCU/nVzFNl7vkS4RE0APtWLP02/8QVIkQtzBxPquh7lq5/78NHipTj7ODQ6XuyQ==
  dependencies:
    lightningcss "^1.33.0"
    picomatch "^4.0.7"
    postcss "^8.5.28"
    rolldown "~1.2.6"
    tinyglobby "^0.2.17"
  optionalDependencies:
    fsevents "~2.3.3"

vue-router@^5.3.1:
  version "5.3.1"
  resolved "https://registry.yarnpkg.com/vue-router/-/vue-router-5.3.1.tgz#9152b9011803e9012f0c134763c6482516bbb13c"
  integrity sha512-GDBZzgmILxA/kFnkFbJjQZdZ2QQbngnIMMuoUcjhZIfH1RGMaPjPwX5ASnV38qamuA9uhO0RDjSBHTDNG2uXyQ==
  dependencies:
    "@vue-macros/common" "^3.1.3"
    "@vue/devtools-api" "^8.1.5"
    ast-walker-scope "^0.9.0"
    chokidar "^5.0.0"
    confbox "^0.2.4"
    local-pkg "^1.2.1"
    magic-string "^0.30.21"
    mlly "^1.8.2"
    muggle-string "^0.4.1"
    nostics "^1.1.4"
    pathe "^2.0.3"
    picomatch "^4.0.5"
    scule "^1.3.0"
    tinyglobby "^0.2.17"
    unplugin "^3.3.0"
    unplugin-utils "^0.3.2"

vue@^3.5.43:
  version "3.5.43"
  resolved "https://registry.yarnpkg.com/vue/-/vue-3.5.43.tgz#bab91368e7b9aad9b89dd92e866b120081deb094"
  integrity sha512-o5qZoksdnjIKvW1srZ3ab7pcDNYAerBjRe54D0LBLfRdCYFrSgBHVXokMas35czQc0//lmx4/tuY4ZNQ+Rf2Ng==
  dependencies:
    "@vue/compiler-dom" "3.5.43"
    "@vue/compiler-sfc" "3.5.43"
    "@vue/runtime-dom" "3.5.43"
    "@vue/server-renderer" "3.5.43"
    "@vue/shared" "3.5.43"

webpack-virtual-modules@^0.6.2:
  version "0.6.2"
  resolved "https://registry.yarnpkg.com/webpack-virtual-modules/-/webpack-virtual-modules-0.6.2.tgz#057faa9065c8acf48f24cb57ac0e77739ab9a7e8"
  integrity sha512-66/V2i5hQanC51vBQKPH4aI8NMAcBW59FVBs+rC7eGHupMyfn34q7rZIE+ETlJ+XTevqfUhVVBgSUNSW2flEUQ==

which@^2.0.1:
  version "2.0.2"
  resolved "https://registry.yarnpkg.com/which/-/which-2.0.2.tgz#7c6a8dd0a636a0327e10b59c9286eee93f3f51b1"
  integrity sha512-BLI3Tl1TW3Pvl70l3yq3Y64i+awpwXqsGBYWkkqMtnbXgrMD+yj7rhW0kuEDxzJaYXGjEW5ogapKNMEKNMjibA==
  dependencies:
    isexe "^2.0.0"
